
Microsoft Visual Studio Solution File, Format Version 12.00
# Visual Studio Version 16
VisualStudioVersion = 16.0.31702.278
MinimumVisualStudioVersion = 10.0.40219.1
Project("{FAE04EC0-301F-11D3-BF4B-00C04F79EFBC}") = "LW1", "LW1\LW1.csproj", "{08074043-9131-46FA-893B-2D23C1EB598E}"
EndProject
Project("{FAE04EC0-301F-11D3-BF4B-00C04F79EFBC}") = "LW3", "LW3\LW3.csproj", "{BEA5939F-83BD-41E7-8406-DE4DD818F5D6}"
EndProject
Project("{FAE04EC0-301F-11D3-BF4B-00C04F79EFBC}") = "LW4", "LW4\LW4.csproj", "{82C8192A-85F9-4576-AFCC-4129A4666C12}"
EndProject
Global
	GlobalSection(SolutionConfigurationPlatforms) = preSolution
		Debug|Any CPU = Debug|Any CPU
		Release|Any CPU = Release|Any CPU
	EndGlobalSection
	GlobalSection(ProjectConfigurationPlatforms) = postSolution
		{08074043-9131-46FA-893B-2D23C1EB598E}.Debug|Any CPU.ActiveCfg = Debug|Any CPU
		{08074043-9131-46FA-893B-2D23C1EB598E}.Debug|Any CPU.Build.0 = Debug|Any CPU
		{08074043-9131-46FA-893B-2D23C1EB598E}.Release|Any CPU.ActiveCfg = Release|Any CPU
		{08074043-9131-46FA-893B-2D23C1EB598E}.Release|Any CPU.Build.0 = Release|Any CPU
		{BEA5939F-83BD-41E7-8406-DE4DD818F5D6}.Debug|Any CPU.ActiveCfg = Debug|Any CPU
		{BEA5939F-83BD-41E7-8406-DE4DD818F5D6}.Debug|Any CPU.Build.0 = Debug|Any CPU
		{BEA5939F-83BD-41E7-8406-DE4DD818F5D6}.Release|Any CPU.ActiveCfg = Release|Any CPU
		{BEA5939F-83BD-41E7-8406-DE4DD818F5D6}.Release|Any CPU.Build.0 = Release|Any CPU
		{82C8192A-85F9-4576-AFCC-4129A4666C12}.Debug|Any CPU.ActiveCfg = Debug|Any CPU
		{82C8192A-85F9-4576-AFCC-4129A4666C12}.Debug|Any CPU.Build.0 = Debug|Any CPU
		{82C8192A-85F9-4576-AFCC-4129A4666C12}.Release|Any CPU.ActiveCfg = Release|Any CPU
		{82C8192A-85F9-4576-AFCC-4129A4666C12}.Release|Any CPU.Build.0 = Release|Any CPU
	EndGlobalSection
	GlobalSection(SolutionProperties) = preSolution
		HideSolutionNode = FALSE
	EndGlobalSection
	GlobalSection(ExtensibilityGlobals) = postSolution
		SolutionGuid = {BC9AB2EF-B942-4A1C-B051-C335770BD54A}
	EndGlobalSection
EndGlobal
